
Microsoft Visual Studio Solution File, Format Version 12.00
# Visual Studio Version 17
VisualStudioVersion = 17.10.34928.147
MinimumVisualStudioVersion = 10.0.40219.1
Project("{2150E333-8FDC-42A3-9474-1A3956D46DE8}") = "Services", "Services", "{70938E1F-419E-4BA1-8090-3453B6B699AB}"
EndProject
Project("{2150E333-8FDC-42A3-9474-1A3956D46DE8}") = "Catalog", "Catalog", "{CE228EC9-C235-47B8-ADC2-A1DC41D49E76}"
EndProject
Project("{9A19103F-16F7-4668-BE54-9A1E7A4F7556}") = "Catalog.API", "Services\Catalog\Catalog.API\Catalog.API.csproj", "{1F8B72AE-926D-46F5-8ED8-62E093E57550}"
EndProject
Global
	GlobalSection(SolutionConfigurationPlatforms) = preSolution
		Debug|Any CPU = Debug|Any CPU
		Release|Any CPU = Release|Any CPU
	EndGlobalSection
	GlobalSection(ProjectConfigurationPlatforms) = postSolution
		{1F8B72AE-926D-46F5-8ED8-62E093E57550}.Debug|Any CPU.ActiveCfg = Debug|Any CPU
		{1F8B72AE-926D-46F5-8ED8-62E093E57550}.Debug|Any CPU.Build.0 = Debug|Any CPU
		{1F8B72AE-926D-46F5-8ED8-62E093E57550}.Release|Any CPU.ActiveCfg = Release|Any CPU
		{1F8B72AE-926D-46F5-8ED8-62E093E57550}.Release|Any CPU.Build.0 = Release|Any CPU
	EndGlobalSection
	GlobalSection(SolutionProperties) = preSolution
		HideSolutionNode = FALSE
	EndGlobalSection
	GlobalSection(NestedProjects) = preSolution
		{CE228EC9-C235-47B8-ADC2-A1DC41D49E76} = {70938E1F-419E-4BA1-8090-3453B6B699AB}
		{1F8B72AE-926D-46F5-8ED8-62E093E57550} = {CE228EC9-C235-47B8-ADC2-A1DC41D49E76}
	EndGlobalSection
	GlobalSection(ExtensibilityGlobals) = postSolution
		SolutionGuid = {2B918390-E71D-49A7-97C1-73341E005D43}
	EndGlobalSection
EndGlobal
