
Microsoft Visual Studio Solution File, Format Version 12.00
# Visual Studio Version 17
VisualStudioVersion = 17.10.34928.147
MinimumVisualStudioVersion = 10.0.40219.1
Project("{2150E333-8FDC-42A3-9474-1A3956D46DE8}") = "Services", "Services", "{70938E1F-419E-4BA1-8090-3453B6B699AB}"
EndProject
Project("{2150E333-8FDC-42A3-9474-1A3956D46DE8}") = "Catalog", "Catalog", "{CE228EC9-C235-47B8-ADC2-A1DC41D49E76}"
EndProject
Project("{9A19103F-16F7-4668-BE54-9A1E7A4F7556}") = "Catalog.API", "Services\Catalog\Catalog.API\Catalog.API.csproj", "{1F8B72AE-926D-46F5-8ED8-62E093E57550}"
EndProject
Project("{E53339B2-1760-4266-BCC7-CA923CBCF16C}") = "docker-compose", "docker-compose.dcproj", "{325B3C9F-90F4-42E9-A9E7-906D5E8F6C14}"
EndProject
Project("{2150E333-8FDC-42A3-9474-1A3956D46DE8}") = "Basket", "Basket", "{6B53BE4E-412C-4BD6-B8C0-4428974F2915}"
EndProject
Project("{9A19103F-16F7-4668-BE54-9A1E7A4F7556}") = "Basket.API", "Services\Basket\Basket.API\Basket.API.csproj", "{F8F240DF-BD95-40E5-BBEB-58E9A70BDC33}"
EndProject
Project("{2150E333-8FDC-42A3-9474-1A3956D46DE8}") = "Discount", "Discount", "{AC7DC17C-21BF-4385-893F-D2F9463E073B}"
EndProject
Project("{9A19103F-16F7-4668-BE54-9A1E7A4F7556}") = "Discount.API", "Services\Discount\Discount.API\Discount.API.csproj", "{222CADB2-CC1D-4286-B38D-7FEB01649E3D}"
EndProject
Project("{9A19103F-16F7-4668-BE54-9A1E7A4F7556}") = "Discount.Grpc", "Services\Discount\Discount.Grpc\Discount.Grpc.csproj", "{683700A4-D99A-4DAD-B577-E6AA246079D8}"
EndProject
Project("{9A19103F-16F7-4668-BE54-9A1E7A4F7556}") = "Ordering.API", "Services\Ordering\Ordering.API\Ordering.API.csproj", "{0BE520B5-163C-4867-8265-BE92E2F49E2D}"
EndProject
Project("{2150E333-8FDC-42A3-9474-1A3956D46DE8}") = "Ordering", "Ordering", "{D5A1B07E-2761-4F16-8207-E243999DDA04}"
EndProject
Project("{9A19103F-16F7-4668-BE54-9A1E7A4F7556}") = "Ordering.Application", "Services\Ordering\Ordering.Application\Ordering.Application.csproj", "{FECC28F5-14A4-4DE4-A429-9CB20544FF90}"
EndProject
Project("{9A19103F-16F7-4668-BE54-9A1E7A4F7556}") = "Ordering.Domain", "Services\Ordering\Ordering.Domain\Ordering.Domain.csproj", "{F4792BB8-600B-4828-9560-74B242E8CEA1}"
EndProject
Project("{9A19103F-16F7-4668-BE54-9A1E7A4F7556}") = "Ordering.Infrastructure", "Services\Ordering\Ordering.Infrastructure\Ordering.Infrastructure.csproj", "{8886B649-4746-4321-8499-08DF4BFEDE70}"
EndProject
Project("{2150E333-8FDC-42A3-9474-1A3956D46DE8}") = "BuildingBlocks", "BuildingBlocks", "{C7117603-6600-4BA3-8016-842242BFB0B3}"
EndProject
Project("{9A19103F-16F7-4668-BE54-9A1E7A4F7556}") = "EventBus.Messages", "BuildingBlocks\EventBus.Messages\EventBus.Messages.csproj", "{01463430-6E3E-4D88-8528-B7E2F2F46B6A}"
EndProject
Global
	GlobalSection(SolutionConfigurationPlatforms) = preSolution
		Debug|Any CPU = Debug|Any CPU
		Release|Any CPU = Release|Any CPU
	EndGlobalSection
	GlobalSection(ProjectConfigurationPlatforms) = postSolution
		{1F8B72AE-926D-46F5-8ED8-62E093E57550}.Debug|Any CPU.ActiveCfg = Debug|Any CPU
		{1F8B72AE-926D-46F5-8ED8-62E093E57550}.Debug|Any CPU.Build.0 = Debug|Any CPU
		{1F8B72AE-926D-46F5-8ED8-62E093E57550}.Release|Any CPU.ActiveCfg = Release|Any CPU
		{1F8B72AE-926D-46F5-8ED8-62E093E57550}.Release|Any CPU.Build.0 = Release|Any CPU
		{325B3C9F-90F4-42E9-A9E7-906D5E8F6C14}.Debug|Any CPU.ActiveCfg = Debug|Any CPU
		{325B3C9F-90F4-42E9-A9E7-906D5E8F6C14}.Debug|Any CPU.Build.0 = Debug|Any CPU
		{325B3C9F-90F4-42E9-A9E7-906D5E8F6C14}.Release|Any CPU.ActiveCfg = Release|Any CPU
		{325B3C9F-90F4-42E9-A9E7-906D5E8F6C14}.Release|Any CPU.Build.0 = Release|Any CPU
		{F8F240DF-BD95-40E5-BBEB-58E9A70BDC33}.Debug|Any CPU.ActiveCfg = Debug|Any CPU
		{F8F240DF-BD95-40E5-BBEB-58E9A70BDC33}.Debug|Any CPU.Build.0 = Debug|Any CPU
		{F8F240DF-BD95-40E5-BBEB-58E9A70BDC33}.Release|Any CPU.ActiveCfg = Release|Any CPU
		{F8F240DF-BD95-40E5-BBEB-58E9A70BDC33}.Release|Any CPU.Build.0 = Release|Any CPU
		{222CADB2-CC1D-4286-B38D-7FEB01649E3D}.Debug|Any CPU.ActiveCfg = Debug|Any CPU
		{222CADB2-CC1D-4286-B38D-7FEB01649E3D}.Debug|Any CPU.Build.0 = Debug|Any CPU
		{222CADB2-CC1D-4286-B38D-7FEB01649E3D}.Release|Any CPU.ActiveCfg = Release|Any CPU
		{222CADB2-CC1D-4286-B38D-7FEB01649E3D}.Release|Any CPU.Build.0 = Release|Any CPU
		{683700A4-D99A-4DAD-B577-E6AA246079D8}.Debug|Any CPU.ActiveCfg = Debug|Any CPU
		{683700A4-D99A-4DAD-B577-E6AA246079D8}.Debug|Any CPU.Build.0 = Debug|Any CPU
		{683700A4-D99A-4DAD-B577-E6AA246079D8}.Release|Any CPU.ActiveCfg = Release|Any CPU
		{683700A4-D99A-4DAD-B577-E6AA246079D8}.Release|Any CPU.Build.0 = Release|Any CPU
		{0BE520B5-163C-4867-8265-BE92E2F49E2D}.Debug|Any CPU.ActiveCfg = Debug|Any CPU
		{0BE520B5-163C-4867-8265-BE92E2F49E2D}.Debug|Any CPU.Build.0 = Debug|Any CPU
		{0BE520B5-163C-4867-8265-BE92E2F49E2D}.Release|Any CPU.ActiveCfg = Release|Any CPU
		{0BE520B5-163C-4867-8265-BE92E2F49E2D}.Release|Any CPU.Build.0 = Release|Any CPU
		{FECC28F5-14A4-4DE4-A429-9CB20544FF90}.Debug|Any CPU.ActiveCfg = Debug|Any CPU
		{FECC28F5-14A4-4DE4-A429-9CB20544FF90}.Debug|Any CPU.Build.0 = Debug|Any CPU
		{FECC28F5-14A4-4DE4-A429-9CB20544FF90}.Release|Any CPU.ActiveCfg = Release|Any CPU
		{FECC28F5-14A4-4DE4-A429-9CB20544FF90}.Release|Any CPU.Build.0 = Release|Any CPU
		{F4792BB8-600B-4828-9560-74B242E8CEA1}.Debug|Any CPU.ActiveCfg = Debug|Any CPU
		{F4792BB8-600B-4828-9560-74B242E8CEA1}.Debug|Any CPU.Build.0 = Debug|Any CPU
		{F4792BB8-600B-4828-9560-74B242E8CEA1}.Release|Any CPU.ActiveCfg = Release|Any CPU
		{F4792BB8-600B-4828-9560-74B242E8CEA1}.Release|Any CPU.Build.0 = Release|Any CPU
		{8886B649-4746-4321-8499-08DF4BFEDE70}.Debug|Any CPU.ActiveCfg = Debug|Any CPU
		{8886B649-4746-4321-8499-08DF4BFEDE70}.Debug|Any CPU.Build.0 = Debug|Any CPU
		{8886B649-4746-4321-8499-08DF4BFEDE70}.Release|Any CPU.ActiveCfg = Release|Any CPU
		{8886B649-4746-4321-8499-08DF4BFEDE70}.Release|Any CPU.Build.0 = Release|Any CPU
		{01463430-6E3E-4D88-8528-B7E2F2F46B6A}.Debug|Any CPU.ActiveCfg = Debug|Any CPU
		{01463430-6E3E-4D88-8528-B7E2F2F46B6A}.Debug|Any CPU.Build.0 = Debug|Any CPU
		{01463430-6E3E-4D88-8528-B7E2F2F46B6A}.Release|Any CPU.ActiveCfg = Release|Any CPU
		{01463430-6E3E-4D88-8528-B7E2F2F46B6A}.Release|Any CPU.Build.0 = Release|Any CPU
	EndGlobalSection
	GlobalSection(SolutionProperties) = preSolution
		HideSolutionNode = FALSE
	EndGlobalSection
	GlobalSection(NestedProjects) = preSolution
		{CE228EC9-C235-47B8-ADC2-A1DC41D49E76} = {70938E1F-419E-4BA1-8090-3453B6B699AB}
		{1F8B72AE-926D-46F5-8ED8-62E093E57550} = {CE228EC9-C235-47B8-ADC2-A1DC41D49E76}
		{6B53BE4E-412C-4BD6-B8C0-4428974F2915} = {70938E1F-419E-4BA1-8090-3453B6B699AB}
		{F8F240DF-BD95-40E5-BBEB-58E9A70BDC33} = {6B53BE4E-412C-4BD6-B8C0-4428974F2915}
		{AC7DC17C-21BF-4385-893F-D2F9463E073B} = {70938E1F-419E-4BA1-8090-3453B6B699AB}
		{222CADB2-CC1D-4286-B38D-7FEB01649E3D} = {AC7DC17C-21BF-4385-893F-D2F9463E073B}
		{683700A4-D99A-4DAD-B577-E6AA246079D8} = {AC7DC17C-21BF-4385-893F-D2F9463E073B}
		{0BE520B5-163C-4867-8265-BE92E2F49E2D} = {D5A1B07E-2761-4F16-8207-E243999DDA04}
		{D5A1B07E-2761-4F16-8207-E243999DDA04} = {70938E1F-419E-4BA1-8090-3453B6B699AB}
		{FECC28F5-14A4-4DE4-A429-9CB20544FF90} = {D5A1B07E-2761-4F16-8207-E243999DDA04}
		{F4792BB8-600B-4828-9560-74B242E8CEA1} = {D5A1B07E-2761-4F16-8207-E243999DDA04}
		{8886B649-4746-4321-8499-08DF4BFEDE70} = {D5A1B07E-2761-4F16-8207-E243999DDA04}
		{01463430-6E3E-4D88-8528-B7E2F2F46B6A} = {C7117603-6600-4BA3-8016-842242BFB0B3}
	EndGlobalSection
	GlobalSection(ExtensibilityGlobals) = postSolution
		SolutionGuid = {2B918390-E71D-49A7-97C1-73341E005D43}
	EndGlobalSection
EndGlobal
